{
  "version": 4,
  "terraform_version": "1.2.5",
  "serial": 6,
  "lineage": "3debe7cc-43e8-05d2-efc3-59a1d0bb7c34",
  "outputs": {},
  "resources": [
    {
      "mode": "managed",
      "type": "aws_key_pair",
      "name": "ec2-key",
      "provider": "provider[\"registry.terraform.io/hashicorp/aws\"]",
      "instances": [
        {
          "schema_version": 1,
          "attributes": {
            "arn": "arn:aws:ec2:us-east-1:891799719282:key-pair/connection",
            "fingerprint": "8d:40:b0:fb:d2:20:de:8b:5e:99:e4:49:f8:72:ed:a0",
            "id": "connection",
            "key_name": "connection",
            "key_name_prefix": "",
            "key_pair_id": "key-01c8634e55ff59eb2",
            "key_type": "rsa",
            "public_key": "ssh-rsa AAAAB3NzaC1yc2EAAAADAQABAAABgQDONfHHJXco6A8XQhgvzvZNsdxo5WZum3fUb4TcEd3n/eR2TZsOKB+yebAugnVz42fy27QOzcA2pzOTjgBy8yj8LfvStnrzwz7O3YeOeKCSgGJTrc+XRBrKmfnTBNFFbGnDA3glrMnr1++N3GCTAD5oljBwvdPBRyh0xiWBgUaUNeundGGTt+YOtimO+3LFIKcTsiLkVlaNI4Hj7fqs21x73mE4E7MnjVHOfxbjKrbKxLDerxizjoCU0TH4222+BpJPTpLeJ/AmypbAGD4IQEPkYr0ejIZSMC7BnavEEpK7VLApNS62UBfvBO1e/4gaBe5RyFybSbkWb3mGvtNQmIs3xkI8D1rM5SB/Rlu/88JWCIp9gQjhhvENFATr64n7Oxfb6c3C5iRFFB4egFipuH8qI9DxglhlZxWs9Hf36mP8Yw9Z6f6kcmow3uRDWT2BEmx03+z0MHfTGyvE2Ya4P5BplKEj1vs0KeJJwCgWh9N+7GDNzLX/YOGr+GumuEfSeqU= suparna_das@epam.com",
            "tags": null,
            "tags_all": {}
          },
          "sensitive_attributes": [],
          "private": "eyJzY2hlbWFfdmVyc2lvbiI6IjEifQ=="
        }
      ]
    }
  ]
}
